
Microsoft Visual Studio Solution File, Format Version 12.00
# Visual Studio Version 16
VisualStudioVersion = 16.0.31729.503
MinimumVisualStudioVersion = 10.0.40219.1
Project("{FAE04EC0-301F-11D3-BF4B-00C04F79EFBC}") = "MorseCode", "MorseCode\MorseCode.csproj", "{D6DE9429-5167-473D-B12E-8B98E37FBE6D}"
EndProject
Project("{FAE04EC0-301F-11D3-BF4B-00C04F79EFBC}") = "MorseCodeTests", "MorseCodeTests\MorseCodeTests.csproj", "{DA455A20-A071-4D4A-A629-D4E603B15A51}"
EndProject
Global
	GlobalSection(SolutionConfigurationPlatforms) = preSolution
		Debug|Any CPU = Debug|Any CPU
		Release|Any CPU = Release|Any CPU
	EndGlobalSection
	GlobalSection(ProjectConfigurationPlatforms) = postSolution
		{D6DE9429-5167-473D-B12E-8B98E37FBE6D}.Debug|Any CPU.ActiveCfg = Debug|Any CPU
		{D6DE9429-5167-473D-B12E-8B98E37FBE6D}.Debug|Any CPU.Build.0 = Debug|Any CPU
		{D6DE9429-5167-473D-B12E-8B98E37FBE6D}.Release|Any CPU.ActiveCfg = Release|Any CPU
		{D6DE9429-5167-473D-B12E-8B98E37FBE6D}.Release|Any CPU.Build.0 = Release|Any CPU
		{DA455A20-A071-4D4A-A629-D4E603B15A51}.Debug|Any CPU.ActiveCfg = Debug|Any CPU
		{DA455A20-A071-4D4A-A629-D4E603B15A51}.Debug|Any CPU.Build.0 = Debug|Any CPU
		{DA455A20-A071-4D4A-A629-D4E603B15A51}.Release|Any CPU.ActiveCfg = Release|Any CPU
		{DA455A20-A071-4D4A-A629-D4E603B15A51}.Release|Any CPU.Build.0 = Release|Any CPU
	EndGlobalSection
	GlobalSection(SolutionProperties) = preSolution
		HideSolutionNode = FALSE
	EndGlobalSection
	GlobalSection(ExtensibilityGlobals) = postSolution
		SolutionGuid = {5C2464D0-DFAA-4E28-920C-363DF4866B73}
	EndGlobalSection
EndGlobal
